// !$*UTF8*$!
{
	archiveVersion = 1;
	classes = {
	};
	objectVersion = 46;
	objects = {

/* Begin PBXBuildFile section */
		D88FC5C11C0C55B70027C076 /* AppDelegate.swift in Sources */ = {isa = PBXBuildFile; fileRef = D88FC5C01C0C55B70027C076 /* AppDelegate.swift */; };
		D88FC5C31C0C55B70027C076 /* ViewController.swift in Sources */ = {isa = PBXBuildFile; fileRef = D88FC5C21C0C55B70027C076 /* ViewController.swift */; };
		D88FC5C61C0C55B70027C076 /* Main.storyboard in Resources */ = {isa = PBXBuildFile; fileRef = D88FC5C41C0C55B70027C076 /* Main.storyboard */; };
		D88FC5C81C0C55B70027C076 /* Assets.xcassets in Resources */ = {isa = PBXBuildFile; fileRef = D88FC5C71C0C55B70027C076 /* Assets.xcassets */; };
		D88FC5CB1C0C55B70027C076 /* LaunchScreen.storyboard in Resources */ = {isa = PBXBuildFile; fileRef = D88FC5C91C0C55B70027C076 /* LaunchScreen.storyboard */; };
		D88FC5D61C0C55B80027C076 /* SwiftWhenThenTests.swift in Sources */ = {isa = PBXBuildFile; fileRef = D88FC5D51C0C55B80027C076 /* SwiftWhenThenTests.swift */; };
		D88FC5E21C0C571C0027C076 /* SWT.swift in Sources */ = {isa = PBXBuildFile; fileRef = D88FC5E11C0C571C0027C076 /* SWT.swift */; };
/* End PBXBuildFile section */

/* Begin PBXContainerItemProxy section */
		D88FC5D21C0C55B80027C076 /* PBXContainerItemProxy */ = {
			isa = PBXContainerItemProxy;
			containerPortal = D88FC5B51C0C55B70027C076 /* Project object */;
			proxyType = 1;
			remoteGlobalIDString = D88FC5BC1C0C55B70027C076;
			remoteInfo = SwiftWhenThenHost;
		};
/* End PBXContainerItemProxy section */

/* Begin PBXFileReference section */
		D88FC5BD1C0C55B70027C076 /* SwiftWhenThenHost.app */ = {isa = PBXFileReference; explicitFileType = wrapper.application; includeInIndex = 0; path = SwiftWhenThenHost.app; sourceTree = BUILT_PRODUCTS_DIR; };
		D88FC5C01C0C55B70027C076 /* AppDelegate.swift */ = {isa = PBXFileReference; lastKnownFileType = sourcecode.swift; path = AppDelegate.swift; sourceTree = "<group>"; };
		D88FC5C21C0C55B70027C076 /* ViewController.swift */ = {isa = PBXFileReference; lastKnownFileType = sourcecode.swift; path = ViewController.swift; sourceTree = "<group>"; };
		D88FC5C51C0C55B70027C076 /* Base */ = {isa = PBXFileReference; lastKnownFileType = file.storyboard; name = Base; path = Base.lproj/Main.storyboard; sourceTree = "<group>"; };
		D88FC5C71C0C55B70027C076 /* Assets.xcassets */ = {isa = PBXFileReference; lastKnownFileType = folder.assetcatalog; path = Assets.xcassets; sourceTree = "<group>"; };
		D88FC5CA1C0C55B70027C076 /* Base */ = {isa = PBXFileReference; lastKnownFileType = file.storyboard; name = Base; path = Base.lproj/LaunchScreen.storyboard; sourceTree = "<group>"; };
		D88FC5CC1C0C55B70027C076 /* Info.plist */ = {isa = PBXFileReference; lastKnownFileType = text.plist.xml; path = Info.plist; sourceTree = "<group>"; };
		D88FC5D11C0C55B80027C076 /* SwiftWhenThenHostTests.xctest */ = {isa = PBXFileReference; explicitFileType = wrapper.cfbundle; includeInIndex = 0; path = SwiftWhenThenHostTests.xctest; sourceTree = BUILT_PRODUCTS_DIR; };
		D88FC5D51C0C55B80027C076 /* SwiftWhenThenTests.swift */ = {isa = PBXFileReference; lastKnownFileType = sourcecode.swift; path = SwiftWhenThenTests.swift; sourceTree = "<group>"; };
		D88FC5D71C0C55B80027C076 /* Info.plist */ = {isa = PBXFileReference; lastKnownFileType = text.plist.xml; path = Info.plist; sourceTree = "<group>"; };
		D88FC5E11C0C571C0027C076 /* SWT.swift */ = {isa = PBXFileReference; fileEncoding = 4; lastKnownFileType = sourcecode.swift; path = SWT.swift; sourceTree = "<group>"; };
/* End PBXFileReference section */

/* Begin PBXFrameworksBuildPhase section */
		D88FC5BA1C0C55B70027C076 /* Frameworks */ = {
			isa = PBXFrameworksBuildPhase;
			buildActionMask = 2147483647;
			files = (
			);
			runOnlyForDeploymentPostprocessing = 0;
		};
		D88FC5CE1C0C55B80027C076 /* Frameworks */ = {
			isa = PBXFrameworksBuildPhase;
			buildActionMask = 2147483647;
			files = (
			);
			runOnlyForDeploymentPostprocessing = 0;
		};
/* End PBXFrameworksBuildPhase section */

/* Begin PBXGroup section */
		D88FC5B41C0C55B70027C076 = {
			isa = PBXGroup;
			children = (
				D88FC5E01C0C571C0027C076 /* SwiftWhenThen */,
				D88FC5BF1C0C55B70027C076 /* SwiftWhenThenHost */,
				D88FC5D41C0C55B80027C076 /* SwiftWhenThenHostTests */,
				D88FC5BE1C0C55B70027C076 /* Products */,
			);
			sourceTree = "<group>";
		};
		D88FC5BE1C0C55B70027C076 /* Products */ = {
			isa = PBXGroup;
			children = (
				D88FC5BD1C0C55B70027C076 /* SwiftWhenThenHost.app */,
				D88FC5D11C0C55B80027C076 /* SwiftWhenThenHostTests.xctest */,
			);
			name = Products;
			sourceTree = "<group>";
		};
		D88FC5BF1C0C55B70027C076 /* SwiftWhenThenHost */ = {
			isa = PBXGroup;
			children = (
				D88FC5C01C0C55B70027C076 /* AppDelegate.swift */,
				D88FC5C21C0C55B70027C076 /* ViewController.swift */,
				D88FC5C41C0C55B70027C076 /* Main.storyboard */,
				D88FC5C71C0C55B70027C076 /* Assets.xcassets */,
				D88FC5C91C0C55B70027C076 /* LaunchScreen.storyboard */,
				D88FC5CC1C0C55B70027C076 /* Info.plist */,
			);
			path = SwiftWhenThenHost;
			sourceTree = "<group>";
		};
		D88FC5D41C0C55B80027C076 /* SwiftWhenThenHostTests */ = {
			isa = PBXGroup;
			children = (
				D88FC5D51C0C55B80027C076 /* SwiftWhenThenTests.swift */,
				D88FC5D71C0C55B80027C076 /* Info.plist */,
			);
			path = SwiftWhenThenHostTests;
			sourceTree = "<group>";
		};
		D88FC5E01C0C571C0027C076 /* SwiftWhenThen */ = {
			isa = PBXGroup;
			children = (
				D88FC5E11C0C571C0027C076 /* SWT.swift */,
			);
			name = SwiftWhenThen;
			path = ../SwiftWhenThen;
			sourceTree = "<group>";
		};
/* End PBXGroup section */

/* Begin PBXNativeTarget section */
		D88FC5BC1C0C55B70027C076 /* SwiftWhenThenHost */ = {
			isa = PBXNativeTarget;
			buildConfigurationList = D88FC5DA1C0C55B80027C076 /* Build configuration list for PBXNativeTarget "SwiftWhenThenHost" */;
			buildPhases = (
				D88FC5B91C0C55B70027C076 /* Sources */,
				D88FC5BA1C0C55B70027C076 /* Frameworks */,
				D88FC5BB1C0C55B70027C076 /* Resources */,
			);
			buildRules = (
			);
			dependencies = (
			);
			name = SwiftWhenThenHost;
			productName = SwiftWhenThenHost;
			productReference = D88FC5BD1C0C55B70027C076 /* SwiftWhenThenHost.app */;
			productType = "com.apple.product-type.application";
		};
		D88FC5D01C0C55B80027C076 /* SwiftWhenThenHostTests */ = {
			isa = PBXNativeTarget;
			buildConfigurationList = D88FC5DD1C0C55B80027C076 /* Build configuration list for PBXNativeTarget "SwiftWhenThenHostTests" */;
			buildPhases = (
				D88FC5CD1C0C55B80027C076 /* Sources */,
				D88FC5CE1C0C55B80027C076 /* Frameworks */,
				D88FC5CF1C0C55B80027C076 /* Resources */,
			);
			buildRules = (
			);
			dependencies = (
				D88FC5D31C0C55B80027C076 /* PBXTargetDependency */,
			);
			name = SwiftWhenThenHostTests;
			productName = SwiftWhenThenHostTests;
			productReference = D88FC5D11C0C55B80027C076 /* SwiftWhenThenHostTests.xctest */;
			productType = "com.apple.product-type.bundle.unit-test";
		};
/* End PBXNativeTarget section */

/* Begin PBXProject section */
		D88FC5B51C0C55B70027C076 /* Project object */ = {
			isa = PBXProject;
			attributes = {
				LastSwiftUpdateCheck = 0710;
				LastUpgradeCheck = 0710;
				TargetAttributes = {
					D88FC5BC1C0C55B70027C076 = {
						CreatedOnToolsVersion = 7.1;
					};
					D88FC5D01C0C55B80027C076 = {
						CreatedOnToolsVersion = 7.1;
						TestTargetID = D88FC5BC1C0C55B70027C076;
					};
				};
			};
			buildConfigurationList = D88FC5B81C0C55B70027C076 /* Build configuration list for PBXProject "SwiftWhenThenHost" */;
			compatibilityVersion = "Xcode 3.2";
			developmentRegion = English;
			hasScannedForEncodings = 0;
			knownRegions = (
				en,
				Base,
			);
			mainGroup = D88FC5B41C0C55B70027C076;
			productRefGroup = D88FC5BE1C0C55B70027C076 /* Products */;
			projectDirPath = "";
			projectRoot = "";
			targets = (
				D88FC5BC1C0C55B70027C076 /* SwiftWhenThenHost */,
				D88FC5D01C0C55B80027C076 /* SwiftWhenThenHostTests */,
			);
		};
/* End PBXProject section */

/* Begin PBXResourcesBuildPhase section */
		D88FC5BB1C0C55B70027C076 /* Resources */ = {
			isa = PBXResourcesBuildPhase;
			buildActionMask = 2147483647;
			files = (
				D88FC5CB1C0C55B70027C076 /* LaunchScreen.storyboard in Resources */,
				D88FC5C81C0C55B70027C076 /* Assets.xcassets in Resources */,
				D88FC5C61C0C55B70027C076 /* Main.storyboard in Resources */,
			);
			runOnlyForDeploymentPostprocessing = 0;
		};
		D88FC5CF1C0C55B80027C076 /* Resources */ = {
			isa = PBXResourcesBuildPhase;
			buildActionMask = 2147483647;
			files = (
			);
			runOnlyForDeploymentPostprocessing = 0;
		};
/* End PBXResourcesBuildPhase section */

/* Begin PBXSourcesBuildPhase section */
		D88FC5B91C0C55B70027C076 /* Sources */ = {
			isa = PBXSourcesBuildPhase;
			buildActionMask = 2147483647;
			files = (
				D88FC5E21C0C571C0027C076 /* SWT.swift in Sources */,
				D88FC5C31C0C55B70027C076 /* ViewController.swift in Sources */,
				D88FC5C11C0C55B70027C076 /* AppDelegate.swift in Sources */,
			);
			runOnlyForDeploymentPostprocessing = 0;
		};
		D88FC5CD1C0C55B80027C076 /* Sources */ = {
			isa = PBXSourcesBuildPhase;
			buildActionMask = 2147483647;
			files = (
				D88FC5D61C0C55B80027C076 /* SwiftWhenThenTests.swift in Sources */,
			);
			runOnlyForDeploymentPostprocessing = 0;
		};
/* End PBXSourcesBuildPhase section */

/* Begin PBXTargetDependency section */
		D88FC5D31C0C55B80027C076 /* PBXTargetDependency */ = {
			isa = PBXTargetDependency;
			target = D88FC5BC1C0C55B70027C076 /* SwiftWhenThenHost */;
			targetProxy = D88FC5D21C0C55B80027C076 /* PBXContainerItemProxy */;
		};
/* End PBXTargetDependency section */

/* Begin PBXVariantGroup section */
		D88FC5C41C0C55B70027C076 /* Main.storyboard */ = {
			isa = PBXVariantGroup;
			children = (
				D88FC5C51C0C55B70027C076 /* Base */,
			);
			name = Main.storyboard;
			sourceTree = "<group>";
		};
		D88FC5C91C0C55B70027C076 /* LaunchScreen.storyboard */ = {
			isa = PBXVariantGroup;
			children = (
				D88FC5CA1C0C55B70027C076 /* Base */,
			);
			name = LaunchScreen.storyboard;
			sourceTree = "<group>";
		};
/* End PBXVariantGroup section */

/* Begin XCBuildConfiguration section */
		D88FC5D81C0C55B80027C076 /* Debug */ = {
			isa = XCBuildConfiguration;
			buildSettings = {
				ALWAYS_SEARCH_USER_PATHS = NO;
				CLANG_CXX_LANGUAGE_STANDARD = "gnu++0x";
				CLANG_CXX_LIBRARY = "libc++";
				CLANG_ENABLE_MODULES = YES;
				CLANG_ENABLE_OBJC_ARC = YES;
				CLANG_WARN_BOOL_CONVERSION = YES;
				CLANG_WARN_CONSTANT_CONVERSION = YES;
				CLANG_WARN_DIRECT_OBJC_ISA_USAGE = YES_ERROR;
				CLANG_WARN_EMPTY_BODY = YES;
				CLANG_WARN_ENUM_CONVERSION = YES;
				CLANG_WARN_INT_CONVERSION = YES;
				CLANG_WARN_OBJC_ROOT_CLASS = YES_ERROR;
				CLANG_WARN_UNREACHABLE_CODE = YES;
				CLANG_WARN__DUPLICATE_METHOD_MATCH = YES;
				"CODE_SIGN_IDENTITY[sdk=iphoneos*]" = "iPhone Developer";
				COPY_PHASE_STRIP = NO;
				DEBUG_INFORMATION_FORMAT = dwarf;
				ENABLE_STRICT_OBJC_MSGSEND = YES;
				ENABLE_TESTABILITY = YES;
				GCC_C_LANGUAGE_STANDARD = gnu99;
				GCC_DYNAMIC_NO_PIC = NO;
				GCC_NO_COMMON_BLOCKS = YES;
				GCC_OPTIMIZATION_LEVEL = 0;
				GCC_PREPROCESSOR_DEFINITIONS = (
					"DEBUG=1",
					"$(inherited)",
				);
				GCC_WARN_64_TO_32_BIT_CONVERSION = YES;
				GCC_WARN_ABOUT_RETURN_TYPE = YES_ERROR;
				GCC_WARN_UNDECLARED_SELECTOR = YES;
				GCC_WARN_UNINITIALIZED_AUTOS = YES_AGGRESSIVE;
				GCC_WARN_UNUSED_FUNCTION = YES;
				GCC_WARN_UNUSED_VARIABLE = YES;
				IPHONEOS_DEPLOYMENT_TARGET = 9.1;
				MTL_ENABLE_DEBUG_INFO = YES;
				ONLY_ACTIVE_ARCH = YES;
				SDKROOT = iphoneos;
				SWIFT_OPTIMIZATION_LEVEL = "-Onone";
				TARGETED_DEVICE_FAMILY = "1,2";
			};
			name = Debug;
		};
		D88FC5D91C0C55B80027C076 /* Release */ = {
			isa = XCBuildConfiguration;
			buildSettings = {
				ALWAYS_SEARCH_USER_PATHS = NO;
				CLANG_CXX_LANGUAGE_STANDARD = "gnu++0x";
				CLANG_CXX_LIBRARY = "libc++";
				CLANG_ENABLE_MODULES = YES;
				CLANG_ENABLE_OBJC_ARC = YES;
				CLANG_WARN_BOOL_CONVERSION = YES;
				CLANG_WARN_CONSTANT_CONVERSION = YES;
				CLANG_WARN_DIRECT_OBJC_ISA_USAGE = YES_ERROR;
				CLANG_WARN_EMPTY_BODY = YES;
				CLANG_WARN_ENUM_CONVERSION = YES;
				CLANG_WARN_INT_CONVERSION = YES;
				CLANG_WARN_OBJC_ROOT_CLASS = YES_ERROR;
				CLANG_WARN_UNREACHABLE_CODE = YES;
				CLANG_WARN__DUPLICATE_METHOD_MATCH = YES;
				"CODE_SIGN_IDENTITY[sdk=iphoneos*]" = "iPhone Developer";
				COPY_PHASE_STRIP = NO;
				DEBUG_INFORMATION_FORMAT = "dwarf-with-dsym";
				ENABLE_NS_ASSERTIONS = NO;
				ENABLE_STRICT_OBJC_MSGSEND = YES;
				GCC_C_LANGUAGE_STANDARD = gnu99;
				GCC_NO_COMMON_BLOCKS = YES;
				GCC_WARN_64_TO_32_BIT_CONVERSION = YES;
				GCC_WARN_ABOUT_RETURN_TYPE = YES_ERROR;
				GCC_WARN_UNDECLARED_SELECTOR = YES;
				GCC_WARN_UNINITIALIZED_AUTOS = YES_AGGRESSIVE;
				GCC_WARN_UNUSED_FUNCTION = YES;
				GCC_WARN_UNUSED_VARIABLE = YES;
				IPHONEOS_DEPLOYMENT_TARGET = 9.1;
				MTL_ENABLE_DEBUG_INFO = NO;
				SDKROOT = iphoneos;
				TARGETED_DEVICE_FAMILY = "1,2";
				VALIDATE_PRODUCT = YES;
			};
			name = Release;
		};
		D88FC5DB1C0C55B80027C076 /* Debug */ = {
			isa = XCBuildConfiguration;
			buildSettings = {
				ASSETCATALOG_COMPILER_APPICON_NAME = AppIcon;
				INFOPLIST_FILE = SwiftWhenThenHost/Info.plist;
				LD_RUNPATH_SEARCH_PATHS = "$(inherited) @executable_path/Frameworks";
				PRODUCT_BUNDLE_IDENTIFIER = com.example.SwiftWhenThenHost;
				PRODUCT_NAME = "$(TARGET_NAME)";
			};
			name = Debug;
		};
		D88FC5DC1C0C55B80027C076 /* Release */ = {
			isa = XCBuildConfiguration;
			buildSettings = {
				ASSETCATALOG_COMPILER_APPICON_NAME = AppIcon;
				INFOPLIST_FILE = SwiftWhenThenHost/Info.plist;
				LD_RUNPATH_SEARCH_PATHS = "$(inherited) @executable_path/Frameworks";
				PRODUCT_BUNDLE_IDENTIFIER = com.example.SwiftWhenThenHost;
				PRODUCT_NAME = "$(TARGET_NAME)";
			};
			name = Release;
		};
		D88FC5DE1C0C55B80027C076 /* Debug */ = {
			isa = XCBuildConfiguration;
			buildSettings = {
				BUNDLE_LOADER = "$(TEST_HOST)";
				INFOPLIST_FILE = SwiftWhenThenHostTests/Info.plist;
				LD_RUNPATH_SEARCH_PATHS = "$(inherited) @executable_path/Frameworks @loader_path/Frameworks";
				PRODUCT_BUNDLE_IDENTIFIER = com.example.SwiftWhenThenHostTests;
				PRODUCT_NAME = "$(TARGET_NAME)";
				TEST_HOST = "$(BUILT_PRODUCTS_DIR)/SwiftWhenThenHost.app/SwiftWhenThenHost";
			};
			name = Debug;
		};
		D88FC5DF1C0C55B80027C076 /* Release */ = {
			isa = XCBuildConfiguration;
			buildSettings = {
				BUNDLE_LOADER = "$(TEST_HOST)";
				INFOPLIST_FILE = SwiftWhenThenHostTests/Info.plist;
				LD_RUNPATH_SEARCH_PATHS = "$(inherited) @executable_path/Frameworks @loader_path/Frameworks";
				PRODUCT_BUNDLE_IDENTIFIER = com.example.SwiftWhenThenHostTests;
				PRODUCT_NAME = "$(TARGET_NAME)";
				TEST_HOST = "$(BUILT_PRODUCTS_DIR)/SwiftWhenThenHost.app/SwiftWhenThenHost";
			};
			name = Release;
		};
/* End XCBuildConfiguration section */

/* Begin XCConfigurationList section */
		D88FC5B81C0C55B70027C076 /* Build configuration list for PBXProject "SwiftWhenThenHost" */ = {
			isa = XCConfigurationList;
			buildConfigurations = (
				D88FC5D81C0C55B80027C076 /* Debug */,
				D88FC5D91C0C55B80027C076 /* Release */,
			);
			defaultConfigurationIsVisible = 0;
			defaultConfigurationName = Release;
		};
		D88FC5DA1C0C55B80027C076 /* Build configuration list for PBXNativeTarget "SwiftWhenThenHost" */ = {
			isa = XCConfigurationList;
			buildConfigurations = (
				D88FC5DB1C0C55B80027C076 /* Debug */,
				D88FC5DC1C0C55B80027C076 /* Release */,
			);
			defaultConfigurationIsVisible = 0;
		};
		D88FC5DD1C0C55B80027C076 /* Build configuration list for PBXNativeTarget "SwiftWhenThenHostTests" */ = {
			isa = XCConfigurationList;
			buildConfigurations = (
				D88FC5DE1C0C55B80027C076 /* Debug */,
				D88FC5DF1C0C55B80027C076 /* Release */,
			);
			defaultConfigurationIsVisible = 0;
		};
/* End XCConfigurationList section */
	};
	rootObject = D88FC5B51C0C55B70027C076 /* Project object */;
}
